{
  "version": 4,
  "terraform_version": "1.15.4",
  "serial": 74,
  "lineage": "8410da12-b395-a212-db76-464284b5b28a",
  "outputs": {
    "agent_runtime_resource_name": {
      "value": "7650219936891011072",
      "type": "string"
    },
    "app_service_account_email": {
      "value": "agent-demo-2026-app@agent-demo-2026.iam.gserviceaccount.com",
      "type": "string"
    },
    "logs_bucket_name": {
      "value": "agent-demo-2026-agent-demo-2026-logs",
      "type": "string"
    },
    "telemetry_bigquery_connection_id": {
      "value": "agent-demo-2026-genai-telemetry",
      "type": "string"
    },
    "telemetry_dataset_id": {
      "value": "agent_demo_2026_telemetry",
      "type": "string"
    }
  },
  "resources": [
    {
      "mode": "data",
      "type": "google_project",
      "name": "project",
      "provider": "provider[\"registry.terraform.io/hashicorp/google\"]",
      "instances": [
        {
          "schema_version": 0,
          "attributes": {
            "auto_create_network": null,
            "billing_account": "01FBD3-B743B5-C60EFF",
            "deletion_policy": "PREVENT",
            "effective_labels": {},
            "folder_id": "121613589792",
            "id": "projects/agent-demo-2026",
            "labels": {},
            "name": "agent demo",
            "number": "817803736637",
            "org_id": "",
            "project_id": "agent-demo-2026",
            "tags": null,
            "terraform_labels": {}
          },
          "sensitive_attributes": [],
          "identity_schema_version": 0
        }
      ]
    },
    {
      "mode": "managed",
      "type": "google_bigquery_connection",
      "name": "genai_telemetry_connection",
      "provider": "provider[\"registry.terraform.io/hashicorp/google\"]",
      "instances": [
        {
          "schema_version": 0,
          "attributes": {
            "aws": [],
            "azure": [],
            "cloud_resource": [
              {
                "service_account_id": "bqcx-817803736637-pej8@gcp-sa-bigquery-condel.iam.gserviceaccount.com"
              }
            ],
            "cloud_spanner": [],
            "cloud_sql": [],
            "connection_id": "agent-demo-2026-genai-telemetry",
            "description": "",
            "friendly_name": "agent-demo-2026 GenAI Telemetry Connection",
            "has_credential": false,
            "id": "projects/agent-demo-2026/locations/us-central1/connections/agent-demo-2026-genai-telemetry",
            "kms_key_name": "",
            "location": "us-central1",
            "name": "projects/817803736637/locations/us-central1/connections/agent-demo-2026-genai-telemetry",
            "project": "agent-demo-2026",
            "spark": [],
            "timeouts": null
          },
          "sensitive_attributes": [],
          "identity_schema_version": 0,
          "private": "eyJlMmJmYjczMC1lY2FhLTExZTYtOGY4OC0zNDM2M2JjN2M0YzAiOnsiY3JlYXRlIjoxMjAwMDAwMDAwMDAwLCJkZWxldGUiOjEyMDAwMDAwMDAwMDAsInVwZGF0ZSI6MTIwMDAwMDAwMDAwMH19",
          "dependencies": [
            "google_project_service.services"
          ]
        }
      ]
    },
    {
      "mode": "managed",
      "type": "google_bigquery_dataset",
      "name": "telemetry_dataset",
      "provider": "provider[\"registry.terraform.io/hashicorp/google\"]",
      "instances": [
        {
          "schema_version": 0,
          "attributes": {
            "access": [
              {
                "condition": [],
                "dataset": [],
                "domain": "",
                "group_by_email": "",
                "iam_member": "",
                "role": "OWNER",
                "routine": [],
                "special_group": "",
                "user_by_email": "dev@davidstanke.altostrat.com",
                "view": []
              },
              {
                "condition": [],
                "dataset": [],
                "domain": "",
                "group_by_email": "",
                "iam_member": "",
                "role": "OWNER",
                "routine": [],
                "special_group": "projectOwners",
                "user_by_email": "",
                "view": []
              },
              {
                "condition": [],
                "dataset": [],
                "domain": "",
                "group_by_email": "",
                "iam_member": "",
                "role": "READER",
                "routine": [],
                "special_group": "projectReaders",
                "user_by_email": "",
                "view": []
              },
              {
                "condition": [],
                "dataset": [],
                "domain": "",
                "group_by_email": "",
                "iam_member": "",
                "role": "WRITER",
                "routine": [],
                "special_group": "projectWriters",
                "user_by_email": "",
                "view": []
              }
            ],
            "creation_time": 1779830460147,
            "dataset_id": "agent_demo_2026_telemetry",
            "default_collation": "",
            "default_encryption_configuration": [],
            "default_partition_expiration_ms": 0,
            "default_table_expiration_ms": 0,
            "delete_contents_on_destroy": false,
            "description": "Dataset for GenAI telemetry data stored in GCS",
            "effective_labels": {
              "goog-terraform-provisioned": "true"
            },
            "etag": "xEp3TKVYwcdVQID8qP+kcA==",
            "external_catalog_dataset_options": [],
            "external_dataset_reference": [],
            "friendly_name": "agent-demo-2026 Telemetry",
            "id": "projects/agent-demo-2026/datasets/agent_demo_2026_telemetry",
            "is_case_insensitive": false,
            "labels": null,
            "last_modified_time": 1779830460147,
            "location": "us-central1",
            "max_time_travel_hours": "168",
            "project": "agent-demo-2026",
            "resource_tags": null,
            "self_link": "https://bigquery.googleapis.com/bigquery/v2/projects/agent-demo-2026/datasets/agent_demo_2026_telemetry",
            "storage_billing_model": "",
            "terraform_labels": {
              "goog-terraform-provisioned": "true"
            },
            "timeouts": null
          },
          "sensitive_attributes": [],
          "identity_schema_version": 0,
          "private": "eyJlMmJmYjczMC1lY2FhLTExZTYtOGY4OC0zNDM2M2JjN2M0YzAiOnsiY3JlYXRlIjoxMjAwMDAwMDAwMDAwLCJkZWxldGUiOjEyMDAwMDAwMDAwMDAsInVwZGF0ZSI6MTIwMDAwMDAwMDAwMH19",
          "dependencies": [
            "google_project_service.services"
          ]
        }
      ]
    },
    {
      "mode": "managed",
      "type": "google_bigquery_dataset_iam_member",
      "name": "feedback_logs_bq_writer",
      "provider": "provider[\"registry.terraform.io/hashicorp/google\"]",
      "instances": [
        {
          "schema_version": 0,
          "attributes": {
            "condition": [],
            "dataset_id": "agent_demo_2026_telemetry",
            "etag": "",
            "id": "projects/agent-demo-2026/datasets/agent_demo_2026_telemetry/roles/bigquery.dataEditor/serviceAccount:service-817803736637@gcp-sa-logging.iam.gserviceaccount.com",
            "member": "serviceAccount:service-817803736637@gcp-sa-logging.iam.gserviceaccount.com",
            "project": "agent-demo-2026",
            "role": "roles/bigquery.dataEditor"
          },
          "sensitive_attributes": [],
          "identity_schema_version": 0,
          "private": "bnVsbA==",
          "dependencies": [
            "google_bigquery_dataset.telemetry_dataset",
            "google_logging_project_sink.feedback_logs_to_bq",
            "google_project_service.services"
          ]
        }
      ]
    },
    {
      "mode": "managed",
      "type": "google_bigquery_dataset_iam_member",
      "name": "genai_logs_bq_writer",
      "provider": "provider[\"registry.terraform.io/hashicorp/google\"]",
      "instances": [
        {
          "schema_version": 0,
          "attributes": {
            "condition": [],
            "dataset_id": "agent_demo_2026_telemetry",
            "etag": "",
            "id": "projects/agent-demo-2026/datasets/agent_demo_2026_telemetry/roles/bigquery.dataEditor/serviceAccount:service-817803736637@gcp-sa-logging.iam.gserviceaccount.com",
            "member": "serviceAccount:service-817803736637@gcp-sa-logging.iam.gserviceaccount.com",
            "project": "agent-demo-2026",
            "role": "roles/bigquery.dataEditor"
          },
          "sensitive_attributes": [],
          "identity_schema_version": 0,
          "private": "bnVsbA==",
          "dependencies": [
            "google_bigquery_dataset.telemetry_dataset",
            "google_logging_project_sink.genai_logs_to_bq",
            "google_project_service.services"
          ]
        }
      ]
    },
    {
      "mode": "managed",
      "type": "google_bigquery_table",
      "name": "genai_logs_table",
      "provider": "provider[\"registry.terraform.io/hashicorp/google\"]",
      "instances": [
        {
          "schema_version": 0,
          "attributes": {
            "biglake_configuration": [],
            "clustering": null,
            "creation_time": 1779830460673,
            "dataset_id": "agent_demo_2026_telemetry",
            "deletion_protection": false,
            "description": "GenAI inference logs exported directly from Cloud Logging",
            "effective_labels": {
              "goog-terraform-provisioned": "true"
            },
            "encryption_configuration": [],
            "etag": "150Iw61kJyAc1ZHak5fM4Q==",
            "expiration_time": 0,
            "external_catalog_table_options": [],
            "external_data_configuration": [],
            "friendly_name": "",
            "generated_schema_columns": "",
            "id": "projects/agent-demo-2026/datasets/agent_demo_2026_telemetry/tables/gen_ai_client_inference_operation_details",
            "ignore_auto_generated_schema": false,
            "ignore_schema_changes": null,
            "labels": null,
            "last_modified_time": 1779830460737,
            "location": "us-central1",
            "materialized_view": [],
            "max_staleness": "",
            "num_bytes": 0,
            "num_long_term_bytes": 0,
            "num_rows": 0,
            "project": "agent-demo-2026",
            "range_partitioning": [],
            "require_partition_filter": false,
            "resource_tags": null,
            "schema": "[{\"mode\":\"NULLABLE\",\"name\":\"logName\",\"type\":\"STRING\"},{\"mode\":\"NULLABLE\",\"name\":\"textPayload\",\"type\":\"STRING\"},{\"mode\":\"NULLABLE\",\"name\":\"timestamp\",\"type\":\"TIMESTAMP\"},{\"mode\":\"NULLABLE\",\"name\":\"receiveTimestamp\",\"type\":\"TIMESTAMP\"},{\"mode\":\"NULLABLE\",\"name\":\"severity\",\"type\":\"STRING\"},{\"mode\":\"NULLABLE\",\"name\":\"insertId\",\"type\":\"STRING\"},{\"mode\":\"NULLABLE\",\"name\":\"trace\",\"type\":\"STRING\"},{\"mode\":\"NULLABLE\",\"name\":\"spanId\",\"type\":\"STRING\"},{\"mode\":\"NULLABLE\",\"name\":\"traceSampled\",\"type\":\"BOOLEAN\"},{\"fields\":[{\"mode\":\"NULLABLE\",\"name\":\"type\",\"type\":\"STRING\"},{\"fields\":[{\"mode\":\"NULLABLE\",\"name\":\"project_id\",\"type\":\"STRING\"},{\"mode\":\"NULLABLE\",\"name\":\"location\",\"type\":\"STRING\"}],\"mode\":\"NULLABLE\",\"name\":\"labels\",\"type\":\"RECORD\"}],\"mode\":\"NULLABLE\",\"name\":\"resource\",\"type\":\"RECORD\"},{\"fields\":[{\"mode\":\"NULLABLE\",\"name\":\"gen_ai_conversation_id\",\"type\":\"STRING\"},{\"mode\":\"NULLABLE\",\"name\":\"gen_ai_agent_name\",\"type\":\"STRING\"},{\"mode\":\"NULLABLE\",\"name\":\"gen_ai_input_messages_ref\",\"type\":\"STRING\"},{\"mode\":\"NULLABLE\",\"name\":\"gen_ai_output_messages_ref\",\"type\":\"STRING\"},{\"mode\":\"NULLABLE\",\"name\":\"gen_ai_system_instructions_ref\",\"type\":\"STRING\"},{\"mode\":\"NULLABLE\",\"name\":\"gen_ai_usage_input_tokens\",\"type\":\"STRING\"},{\"mode\":\"NULLABLE\",\"name\":\"gen_ai_usage_output_tokens\",\"type\":\"STRING\"},{\"mode\":\"NULLABLE\",\"name\":\"gen_ai_response_finish_reasons\",\"type\":\"STRING\"},{\"mode\":\"NULLABLE\",\"name\":\"gen_ai_tool_definitions\",\"type\":\"STRING\"},{\"mode\":\"NULLABLE\",\"name\":\"gen_ai_tool_definitions_ref\",\"type\":\"STRING\"},{\"mode\":\"NULLABLE\",\"name\":\"gcp_vertex_agent_invocation_id\",\"type\":\"STRING\"},{\"mode\":\"NULLABLE\",\"name\":\"gcp_vertex_agent_event_id\",\"type\":\"STRING\"},{\"mode\":\"NULLABLE\",\"name\":\"event_name\",\"type\":\"STRING\"},{\"mode\":\"NULLABLE\",\"name\":\"user_id\",\"type\":\"STRING\"}],\"mode\":\"NULLABLE\",\"name\":\"labels\",\"type\":\"RECORD\"}]",
            "schema_foreign_type_info": [],
            "self_link": "https://bigquery.googleapis.com/bigquery/v2/projects/agent-demo-2026/datasets/agent_demo_2026_telemetry/tables/gen_ai_client_inference_operation_details",
            "table_constraints": [],
            "table_id": "gen_ai_client_inference_operation_details",
            "table_metadata_view": null,
            "table_replication_info": [],
            "terraform_labels": {
              "goog-terraform-provisioned": "true"
            },
            "time_partitioning": [
              {
                "expiration_ms": 0,
                "field": "timestamp",
                "require_partition_filter": false,
                "type": "DAY"
              }
            ],
            "type": "TABLE",
            "view": []
          },
          "sensitive_attributes": [],
          "identity_schema_version": 0,
          "private": "bnVsbA==",
          "dependencies": [
            "google_bigquery_dataset.telemetry_dataset",
            "google_project_service.services"
          ]
        }
      ]
    },
    {
      "mode": "managed",
      "type": "google_logging_project_sink",
      "name": "feedback_logs_to_bq",
      "provider": "provider[\"registry.terraform.io/hashicorp/google\"]",
      "instances": [
        {
          "schema_version": 0,
          "attributes": {
            "bigquery_options": [
              {
                "use_partitioned_tables": true
              }
            ],
            "custom_writer_identity": null,
            "description": "",
            "destination": "bigquery.googleapis.com/projects/agent-demo-2026/datasets/agent_demo_2026_telemetry",
            "disabled": false,
            "exclusions": [],
            "filter": "jsonPayload.log_type=\"feedback\" jsonPayload.service_name=\"trip-planner\"",
            "id": "projects/agent-demo-2026/sinks/agent-demo-2026-feedback",
            "name": "agent-demo-2026-feedback",
            "project": "agent-demo-2026",
            "unique_writer_identity": true,
            "writer_identity": "serviceAccount:service-817803736637@gcp-sa-logging.iam.gserviceaccount.com"
          },
          "sensitive_attributes": [],
          "identity_schema_version": 0,
          "private": "bnVsbA==",
          "dependencies": [
            "google_bigquery_dataset.telemetry_dataset",
            "google_project_service.services"
          ]
        }
      ]
    },
    {
      "mode": "managed",
      "type": "google_logging_project_sink",
      "name": "genai_logs_to_bq",
      "provider": "provider[\"registry.terraform.io/hashicorp/google\"]",
      "instances": [
        {
          "schema_version": 0,
          "attributes": {
            "bigquery_options": [
              {
                "use_partitioned_tables": true
              }
            ],
            "custom_writer_identity": null,
            "description": "",
            "destination": "bigquery.googleapis.com/projects/agent-demo-2026/datasets/agent_demo_2026_telemetry",
            "disabled": false,
            "exclusions": [],
            "filter": "log_name=\"projects/agent-demo-2026/logs/gen_ai.client.inference.operation.details\" AND (labels.\"gen_ai.input.messages_ref\" =~ \".*agent-demo-2026.*\" OR labels.\"gen_ai.output.messages_ref\" =~ \".*agent-demo-2026.*\")",
            "id": "projects/agent-demo-2026/sinks/agent-demo-2026-genai-logs",
            "name": "agent-demo-2026-genai-logs",
            "project": "agent-demo-2026",
            "unique_writer_identity": true,
            "writer_identity": "serviceAccount:service-817803736637@gcp-sa-logging.iam.gserviceaccount.com"
          },
          "sensitive_attributes": [],
          "identity_schema_version": 0,
          "private": "bnVsbA==",
          "dependencies": [
            "google_bigquery_dataset.telemetry_dataset",
            "google_project_service.services"
          ]
        }
      ]
    },
    {
      "mode": "managed",
      "type": "google_project_iam_member",
      "name": "app_sa_roles",
      "provider": "provider[\"registry.terraform.io/hashicorp/google\"]",
      "instances": [
        {
          "index_key": "default,roles/aiplatform.user",
          "schema_version": 0,
          "attributes": {
            "condition": [],
            "etag": "BwZSvxRj7HM=",
            "id": "agent-demo-2026/roles/aiplatform.user/serviceAccount:agent-demo-2026-app@agent-demo-2026.iam.gserviceaccount.com",
            "member": "serviceAccount:agent-demo-2026-app@agent-demo-2026.iam.gserviceaccount.com",
            "project": "agent-demo-2026",
            "role": "roles/aiplatform.user"
          },
          "sensitive_attributes": [],
          "identity_schema_version": 0,
          "private": "bnVsbA==",
          "dependencies": [
            "google_project_service.services",
            "google_service_account.app_sa"
          ]
        },
        {
          "index_key": "default,roles/cloudtrace.agent",
          "schema_version": 0,
          "attributes": {
            "condition": [],
            "etag": "BwZSvxRj7HM=",
            "id": "agent-demo-2026/roles/cloudtrace.agent/serviceAccount:agent-demo-2026-app@agent-demo-2026.iam.gserviceaccount.com",
            "member": "serviceAccount:agent-demo-2026-app@agent-demo-2026.iam.gserviceaccount.com",
            "project": "agent-demo-2026",
            "role": "roles/cloudtrace.agent"
          },
          "sensitive_attributes": [],
          "identity_schema_version": 0,
          "private": "bnVsbA==",
          "dependencies": [
            "google_project_service.services",
            "google_service_account.app_sa"
          ]
        },
        {
          "index_key": "default,roles/logging.logWriter",
          "schema_version": 0,
          "attributes": {
            "condition": [],
            "etag": "BwZSvxRj7HM=",
            "id": "agent-demo-2026/roles/logging.logWriter/serviceAccount:agent-demo-2026-app@agent-demo-2026.iam.gserviceaccount.com",
            "member": "serviceAccount:agent-demo-2026-app@agent-demo-2026.iam.gserviceaccount.com",
            "project": "agent-demo-2026",
            "role": "roles/logging.logWriter"
          },
          "sensitive_attributes": [],
          "identity_schema_version": 0,
          "private": "bnVsbA==",
          "dependencies": [
            "google_project_service.services",
            "google_service_account.app_sa"
          ]
        },
        {
          "index_key": "default,roles/serviceusage.serviceUsageConsumer",
          "schema_version": 0,
          "attributes": {
            "condition": [],
            "etag": "BwZSvxRj7HM=",
            "id": "agent-demo-2026/roles/serviceusage.serviceUsageConsumer/serviceAccount:agent-demo-2026-app@agent-demo-2026.iam.gserviceaccount.com",
            "member": "serviceAccount:agent-demo-2026-app@agent-demo-2026.iam.gserviceaccount.com",
            "project": "agent-demo-2026",
            "role": "roles/serviceusage.serviceUsageConsumer"
          },
          "sensitive_attributes": [],
          "identity_schema_version": 0,
          "private": "bnVsbA==",
          "dependencies": [
            "google_project_service.services",
            "google_service_account.app_sa"
          ]
        },
        {
          "index_key": "default,roles/storage.admin",
          "schema_version": 0,
          "attributes": {
            "condition": [],
            "etag": "BwZSvxRj7HM=",
            "id": "agent-demo-2026/roles/storage.admin/serviceAccount:agent-demo-2026-app@agent-demo-2026.iam.gserviceaccount.com",
            "member": "serviceAccount:agent-demo-2026-app@agent-demo-2026.iam.gserviceaccount.com",
            "project": "agent-demo-2026",
            "role": "roles/storage.admin"
          },
          "sensitive_attributes": [],
          "identity_schema_version": 0,
          "private": "bnVsbA==",
          "dependencies": [
            "google_project_service.services",
            "google_service_account.app_sa"
          ]
        }
      ]
    },
    {
      "mode": "managed",
      "type": "google_project_iam_member",
      "name": "default_compute_sa_storage_object_creator",
      "provider": "provider[\"registry.terraform.io/hashicorp/google\"]",
      "instances": [
        {
          "schema_version": 0,
          "attributes": {
            "condition": [],
            "etag": "BwZSvtWyvFQ=",
            "id": "agent-demo-2026/roles/cloudbuild.builds.builder/serviceAccount:817803736637-compute@developer.gserviceaccount.com",
            "member": "serviceAccount:817803736637-compute@developer.gserviceaccount.com",
            "project": "agent-demo-2026",
            "role": "roles/cloudbuild.builds.builder"
          },
          "sensitive_attributes": [],
          "identity_schema_version": 0,
          "private": "bnVsbA==",
          "dependencies": [
            "data.google_project.project",
            "google_project_service.services"
          ]
        }
      ]
    },
    {
      "mode": "managed",
      "type": "google_project_iam_member",
      "name": "vertex_ai_sa_permissions",
      "provider": "provider[\"registry.terraform.io/hashicorp/google\"]",
      "instances": [
        {
          "index_key": "default,roles/aiplatform.user",
          "schema_version": 0,
          "attributes": {
            "condition": [],
            "etag": "BwZSvtWyvFQ=",
            "id": "agent-demo-2026/roles/aiplatform.user/serviceAccount:service-817803736637@gcp-sa-aiplatform.iam.gserviceaccount.com",
            "member": "serviceAccount:service-817803736637@gcp-sa-aiplatform.iam.gserviceaccount.com",
            "project": "agent-demo-2026",
            "role": "roles/aiplatform.user"
          },
          "sensitive_attributes": [],
          "identity_schema_version": 0,
          "private": "bnVsbA==",
          "dependencies": [
            "google_project_service.services",
            "google_project_service_identity.vertex_sa"
          ]
        },
        {
          "index_key": "default,roles/cloudtrace.agent",
          "schema_version": 0,
          "attributes": {
            "condition": [],
            "etag": "BwZSvtWyvFQ=",
            "id": "agent-demo-2026/roles/cloudtrace.agent/serviceAccount:service-817803736637@gcp-sa-aiplatform.iam.gserviceaccount.com",
            "member": "serviceAccount:service-817803736637@gcp-sa-aiplatform.iam.gserviceaccount.com",
            "project": "agent-demo-2026",
            "role": "roles/cloudtrace.agent"
          },
          "sensitive_attributes": [],
          "identity_schema_version": 0,
          "private": "bnVsbA==",
          "dependencies": [
            "google_project_service.services",
            "google_project_service_identity.vertex_sa"
          ]
        },
        {
          "index_key": "default,roles/logging.logWriter",
          "schema_version": 0,
          "attributes": {
            "condition": [],
            "etag": "BwZSvtWyvFQ=",
            "id": "agent-demo-2026/roles/logging.logWriter/serviceAccount:service-817803736637@gcp-sa-aiplatform.iam.gserviceaccount.com",
            "member": "serviceAccount:service-817803736637@gcp-sa-aiplatform.iam.gserviceaccount.com",
            "project": "agent-demo-2026",
            "role": "roles/logging.logWriter"
          },
          "sensitive_attributes": [],
          "identity_schema_version": 0,
          "private": "bnVsbA==",
          "dependencies": [
            "google_project_service.services",
            "google_project_service_identity.vertex_sa"
          ]
        },
        {
          "index_key": "default,roles/serviceusage.serviceUsageConsumer",
          "schema_version": 0,
          "attributes": {
            "condition": [],
            "etag": "BwZSvtWyvFQ=",
            "id": "agent-demo-2026/roles/serviceusage.serviceUsageConsumer/serviceAccount:service-817803736637@gcp-sa-aiplatform.iam.gserviceaccount.com",
            "member": "serviceAccount:service-817803736637@gcp-sa-aiplatform.iam.gserviceaccount.com",
            "project": "agent-demo-2026",
            "role": "roles/serviceusage.serviceUsageConsumer"
          },
          "sensitive_attributes": [],
          "identity_schema_version": 0,
          "private": "bnVsbA==",
          "dependencies": [
            "google_project_service.services",
            "google_project_service_identity.vertex_sa"
          ]
        },
        {
          "index_key": "default,roles/storage.admin",
          "schema_version": 0,
          "attributes": {
            "condition": [],
            "etag": "BwZSvtWyvFQ=",
            "id": "agent-demo-2026/roles/storage.admin/serviceAccount:service-817803736637@gcp-sa-aiplatform.iam.gserviceaccount.com",
            "member": "serviceAccount:service-817803736637@gcp-sa-aiplatform.iam.gserviceaccount.com",
            "project": "agent-demo-2026",
            "role": "roles/storage.admin"
          },
          "sensitive_attributes": [],
          "identity_schema_version": 0,
          "private": "bnVsbA==",
          "dependencies": [
            "google_project_service.services",
            "google_project_service_identity.vertex_sa"
          ]
        }
      ]
    },
    {
      "mode": "managed",
      "type": "google_project_service",
      "name": "services",
      "provider": "provider[\"registry.terraform.io/hashicorp/google\"]",
      "instances": [
        {
          "index_key": 0,
          "schema_version": 0,
          "attributes": {
            "disable_dependent_services": null,
            "disable_on_destroy": false,
            "id": "agent-demo-2026/aiplatform.googleapis.com",
            "project": "agent-demo-2026",
            "service": "aiplatform.googleapis.com",
            "timeouts": null
          },
          "sensitive_attributes": [],
          "identity_schema_version": 0,
          "private": "eyJlMmJmYjczMC1lY2FhLTExZTYtOGY4OC0zNDM2M2JjN2M0YzAiOnsiY3JlYXRlIjoxMjAwMDAwMDAwMDAwLCJkZWxldGUiOjEyMDAwMDAwMDAwMDAsInJlYWQiOjYwMDAwMDAwMDAwMCwidXBkYXRlIjoxMjAwMDAwMDAwMDAwfX0="
        },
        {
          "index_key": 1,
          "schema_version": 0,
          "attributes": {
            "disable_dependent_services": null,
            "disable_on_destroy": false,
            "id": "agent-demo-2026/cloudbuild.googleapis.com",
            "project": "agent-demo-2026",
            "service": "cloudbuild.googleapis.com",
            "timeouts": null
          },
          "sensitive_attributes": [],
          "identity_schema_version": 0,
          "private": "eyJlMmJmYjczMC1lY2FhLTExZTYtOGY4OC0zNDM2M2JjN2M0YzAiOnsiY3JlYXRlIjoxMjAwMDAwMDAwMDAwLCJkZWxldGUiOjEyMDAwMDAwMDAwMDAsInJlYWQiOjYwMDAwMDAwMDAwMCwidXBkYXRlIjoxMjAwMDAwMDAwMDAwfX0="
        },
        {
          "index_key": 2,
          "schema_version": 0,
          "attributes": {
            "disable_dependent_services": null,
            "disable_on_destroy": false,
            "id": "agent-demo-2026/run.googleapis.com",
            "project": "agent-demo-2026",
            "service": "run.googleapis.com",
            "timeouts": null
          },
          "sensitive_attributes": [],
          "identity_schema_version": 0,
          "private": "eyJlMmJmYjczMC1lY2FhLTExZTYtOGY4OC0zNDM2M2JjN2M0YzAiOnsiY3JlYXRlIjoxMjAwMDAwMDAwMDAwLCJkZWxldGUiOjEyMDAwMDAwMDAwMDAsInJlYWQiOjYwMDAwMDAwMDAwMCwidXBkYXRlIjoxMjAwMDAwMDAwMDAwfX0="
        },
        {
          "index_key": 3,
          "schema_version": 0,
          "attributes": {
            "disable_dependent_services": null,
            "disable_on_destroy": false,
            "id": "agent-demo-2026/bigquery.googleapis.com",
            "project": "agent-demo-2026",
            "service": "bigquery.googleapis.com",
            "timeouts": null
          },
          "sensitive_attributes": [],
          "identity_schema_version": 0,
          "private": "eyJlMmJmYjczMC1lY2FhLTExZTYtOGY4OC0zNDM2M2JjN2M0YzAiOnsiY3JlYXRlIjoxMjAwMDAwMDAwMDAwLCJkZWxldGUiOjEyMDAwMDAwMDAwMDAsInJlYWQiOjYwMDAwMDAwMDAwMCwidXBkYXRlIjoxMjAwMDAwMDAwMDAwfX0="
        },
        {
          "index_key": 4,
          "schema_version": 0,
          "attributes": {
            "disable_dependent_services": null,
            "disable_on_destroy": false,
            "id": "agent-demo-2026/cloudresourcemanager.googleapis.com",
            "project": "agent-demo-2026",
            "service": "cloudresourcemanager.googleapis.com",
            "timeouts": null
          },
          "sensitive_attributes": [],
          "identity_schema_version": 0,
          "private": "eyJlMmJmYjczMC1lY2FhLTExZTYtOGY4OC0zNDM2M2JjN2M0YzAiOnsiY3JlYXRlIjoxMjAwMDAwMDAwMDAwLCJkZWxldGUiOjEyMDAwMDAwMDAwMDAsInJlYWQiOjYwMDAwMDAwMDAwMCwidXBkYXRlIjoxMjAwMDAwMDAwMDAwfX0="
        },
        {
          "index_key": 5,
          "schema_version": 0,
          "attributes": {
            "disable_dependent_services": null,
            "disable_on_destroy": false,
            "id": "agent-demo-2026/iam.googleapis.com",
            "project": "agent-demo-2026",
            "service": "iam.googleapis.com",
            "timeouts": null
          },
          "sensitive_attributes": [],
          "identity_schema_version": 0,
          "private": "eyJlMmJmYjczMC1lY2FhLTExZTYtOGY4OC0zNDM2M2JjN2M0YzAiOnsiY3JlYXRlIjoxMjAwMDAwMDAwMDAwLCJkZWxldGUiOjEyMDAwMDAwMDAwMDAsInJlYWQiOjYwMDAwMDAwMDAwMCwidXBkYXRlIjoxMjAwMDAwMDAwMDAwfX0="
        },
        {
          "index_key": 6,
          "schema_version": 0,
          "attributes": {
            "disable_dependent_services": null,
            "disable_on_destroy": false,
            "id": "agent-demo-2026/serviceusage.googleapis.com",
            "project": "agent-demo-2026",
            "service": "serviceusage.googleapis.com",
            "timeouts": null
          },
          "sensitive_attributes": [],
          "identity_schema_version": 0,
          "private": "eyJlMmJmYjczMC1lY2FhLTExZTYtOGY4OC0zNDM2M2JjN2M0YzAiOnsiY3JlYXRlIjoxMjAwMDAwMDAwMDAwLCJkZWxldGUiOjEyMDAwMDAwMDAwMDAsInJlYWQiOjYwMDAwMDAwMDAwMCwidXBkYXRlIjoxMjAwMDAwMDAwMDAwfX0="
        },
        {
          "index_key": 7,
          "schema_version": 0,
          "attributes": {
            "disable_dependent_services": null,
            "disable_on_destroy": false,
            "id": "agent-demo-2026/logging.googleapis.com",
            "project": "agent-demo-2026",
            "service": "logging.googleapis.com",
            "timeouts": null
          },
          "sensitive_attributes": [],
          "identity_schema_version": 0,
          "private": "eyJlMmJmYjczMC1lY2FhLTExZTYtOGY4OC0zNDM2M2JjN2M0YzAiOnsiY3JlYXRlIjoxMjAwMDAwMDAwMDAwLCJkZWxldGUiOjEyMDAwMDAwMDAwMDAsInJlYWQiOjYwMDAwMDAwMDAwMCwidXBkYXRlIjoxMjAwMDAwMDAwMDAwfX0="
        },
        {
          "index_key": 8,
          "schema_version": 0,
          "attributes": {
            "disable_dependent_services": null,
            "disable_on_destroy": false,
            "id": "agent-demo-2026/cloudtrace.googleapis.com",
            "project": "agent-demo-2026",
            "service": "cloudtrace.googleapis.com",
            "timeouts": null
          },
          "sensitive_attributes": [],
          "identity_schema_version": 0,
          "private": "eyJlMmJmYjczMC1lY2FhLTExZTYtOGY4OC0zNDM2M2JjN2M0YzAiOnsiY3JlYXRlIjoxMjAwMDAwMDAwMDAwLCJkZWxldGUiOjEyMDAwMDAwMDAwMDAsInJlYWQiOjYwMDAwMDAwMDAwMCwidXBkYXRlIjoxMjAwMDAwMDAwMDAwfX0="
        },
        {
          "index_key": 9,
          "schema_version": 0,
          "attributes": {
            "disable_dependent_services": null,
            "disable_on_destroy": false,
            "id": "agent-demo-2026/telemetry.googleapis.com",
            "project": "agent-demo-2026",
            "service": "telemetry.googleapis.com",
            "timeouts": null
          },
          "sensitive_attributes": [],
          "identity_schema_version": 0,
          "private": "eyJlMmJmYjczMC1lY2FhLTExZTYtOGY4OC0zNDM2M2JjN2M0YzAiOnsiY3JlYXRlIjoxMjAwMDAwMDAwMDAwLCJkZWxldGUiOjEyMDAwMDAwMDAwMDAsInJlYWQiOjYwMDAwMDAwMDAwMCwidXBkYXRlIjoxMjAwMDAwMDAwMDAwfX0="
        }
      ]
    },
    {
      "mode": "managed",
      "type": "google_project_service_identity",
      "name": "vertex_sa",
      "provider": "provider[\"registry.terraform.io/hashicorp/google-beta\"]",
      "instances": [
        {
          "schema_version": 0,
          "attributes": {
            "email": "service-817803736637@gcp-sa-aiplatform.iam.gserviceaccount.com",
            "id": "projects/agent-demo-2026/services/aiplatform.googleapis.com",
            "member": "serviceAccount:service-817803736637@gcp-sa-aiplatform.iam.gserviceaccount.com",
            "project": "agent-demo-2026",
            "service": "aiplatform.googleapis.com",
            "timeouts": null
          },
          "sensitive_attributes": [],
          "identity_schema_version": 0,
          "private": "eyJlMmJmYjczMC1lY2FhLTExZTYtOGY4OC0zNDM2M2JjN2M0YzAiOnsiY3JlYXRlIjoxMjAwMDAwMDAwMDAwLCJkZWxldGUiOjEyMDAwMDAwMDAwMDAsInJlYWQiOjYwMDAwMDAwMDAwMH19"
        }
      ]
    },
    {
      "mode": "managed",
      "type": "google_secret_manager_secret_iam_member",
      "name": "agent_secret_access",
      "provider": "provider[\"registry.terraform.io/hashicorp/google\"]",
      "instances": [
        {
          "schema_version": 0,
          "attributes": {
            "condition": [],
            "etag": "BwZSvxQuc+Q=",
            "id": "projects/agent-demo-2026/secrets/google-maps-api-key/roles/secretmanager.secretAccessor/serviceAccount:agent-demo-2026-app@agent-demo-2026.iam.gserviceaccount.com",
            "member": "serviceAccount:agent-demo-2026-app@agent-demo-2026.iam.gserviceaccount.com",
            "project": "agent-demo-2026",
            "role": "roles/secretmanager.secretAccessor",
            "secret_id": "projects/agent-demo-2026/secrets/google-maps-api-key"
          },
          "sensitive_attributes": [],
          "identity_schema_version": 0,
          "private": "bnVsbA==",
          "dependencies": [
            "google_project_service.services",
            "google_service_account.app_sa"
          ]
        }
      ]
    },
    {
      "mode": "managed",
      "type": "google_service_account",
      "name": "app_sa",
      "provider": "provider[\"registry.terraform.io/hashicorp/google\"]",
      "instances": [
        {
          "schema_version": 0,
          "attributes": {
            "account_id": "agent-demo-2026-app",
            "create_ignore_already_exists": null,
            "description": "",
            "disabled": false,
            "display_name": "agent-demo-2026 Agent Service Account",
            "email": "agent-demo-2026-app@agent-demo-2026.iam.gserviceaccount.com",
            "id": "projects/agent-demo-2026/serviceAccounts/agent-demo-2026-app@agent-demo-2026.iam.gserviceaccount.com",
            "member": "serviceAccount:agent-demo-2026-app@agent-demo-2026.iam.gserviceaccount.com",
            "name": "projects/agent-demo-2026/serviceAccounts/agent-demo-2026-app@agent-demo-2026.iam.gserviceaccount.com",
            "project": "agent-demo-2026",
            "timeouts": null,
            "unique_id": "101318222860672385377"
          },
          "sensitive_attributes": [],
          "identity_schema_version": 0,
          "private": "eyJlMmJmYjczMC1lY2FhLTExZTYtOGY4OC0zNDM2M2JjN2M0YzAiOnsiY3JlYXRlIjozMDAwMDAwMDAwMDB9fQ==",
          "dependencies": [
            "google_project_service.services"
          ]
        }
      ]
    },
    {
      "mode": "managed",
      "type": "google_storage_bucket",
      "name": "logs_data_bucket",
      "provider": "provider[\"registry.terraform.io/hashicorp/google\"]",
      "instances": [
        {
          "schema_version": 4,
          "attributes": {
            "autoclass": [],
            "cors": [],
            "custom_placement_config": [],
            "default_event_based_hold": false,
            "effective_labels": {
              "goog-terraform-provisioned": "true"
            },
            "enable_object_retention": false,
            "encryption": [],
            "force_destroy": false,
            "hierarchical_namespace": [
              {
                "enabled": false
              }
            ],
            "id": "agent-demo-2026-agent-demo-2026-logs",
            "ip_filter": [],
            "labels": null,
            "lifecycle_rule": [],
            "location": "US-CENTRAL1",
            "logging": [],
            "name": "agent-demo-2026-agent-demo-2026-logs",
            "project": "agent-demo-2026",
            "project_number": 817803736637,
            "public_access_prevention": "inherited",
            "requester_pays": false,
            "retention_policy": [],
            "rpo": null,
            "self_link": "https://www.googleapis.com/storage/v1/b/agent-demo-2026-agent-demo-2026-logs",
            "soft_delete_policy": [
              {
                "effective_time": "2026-05-26T21:20:54.996Z",
                "retention_duration_seconds": 604800
              }
            ],
            "storage_class": "STANDARD",
            "terraform_labels": {
              "goog-terraform-provisioned": "true"
            },
            "time_created": "2026-05-26T21:20:54.996Z",
            "timeouts": null,
            "uniform_bucket_level_access": true,
            "updated": "2026-05-26T21:20:54.996Z",
            "url": "gs://agent-demo-2026-agent-demo-2026-logs",
            "versioning": [],
            "website": []
          },
          "sensitive_attributes": [],
          "identity_schema_version": 0,
          "private": "eyJlMmJmYjczMC1lY2FhLTExZTYtOGY4OC0zNDM2M2JjN2M0YzAiOnsiY3JlYXRlIjo2MDAwMDAwMDAwMDAsInJlYWQiOjI0MDAwMDAwMDAwMCwidXBkYXRlIjoyNDAwMDAwMDAwMDB9LCJzY2hlbWFfdmVyc2lvbiI6IjQifQ==",
          "dependencies": [
            "google_project_service.services"
          ]
        }
      ]
    },
    {
      "mode": "managed",
      "type": "google_vertex_ai_reasoning_engine",
      "name": "app",
      "provider": "provider[\"registry.terraform.io/hashicorp/google\"]",
      "instances": [
        {
          "schema_version": 0,
          "attributes": {
            "create_time": "2026-05-26T21:03:59.504486Z",
            "description": "Agent deployed via Terraform",
            "display_name": "agent-demo-2026",
            "encryption_spec": [],
            "id": "projects/agent-demo-2026/locations/us-central1/reasoningEngines/7650219936891011072",
            "name": "7650219936891011072",
            "project": "agent-demo-2026",
            "region": "us-central1",
            "spec": [
              {
                "agent_framework": "google-adk",
                "class_methods": "",
                "deployment_spec": [
                  {
                    "container_concurrency": 9,
                    "env": [
                      {
                        "name": "GOOGLE_CLOUD_AGENT_ENGINE_ENABLE_TELEMETRY",
                        "value": "true"
                      },
                      {
                        "name": "LOGS_BUCKET_NAME",
                        "value": "agent-demo-2026-agent-demo-2026-logs"
                      },
                      {
                        "name": "OTEL_INSTRUMENTATION_GENAI_CAPTURE_MESSAGE_CONTENT",
                        "value": "true"
                      }
                    ],
                    "max_instances": 10,
                    "min_instances": 1,
                    "resource_limits": {
                      "cpu": "4",
                      "memory": "8Gi"
                    },
                    "secret_env": []
                  }
                ],
                "package_spec": [],
                "service_account": "agent-demo-2026-app@agent-demo-2026.iam.gserviceaccount.com",
                "source_code_spec": [
                  {
                    "inline_source": [
                      {
                        "source_archive": "H4sIAFm+42kAA+2c3W7bNhiG3Q7DMO94OyZ80hZoGP6IYjzABby0QIJlWJYGxYJhMDSbiYXor7KcJpfQO9j5rmDXsavYnYySnNiR08jaJA6QvwdxYsmURFH6vlcvTebYuT5QzkTFu3iEO81ACJFCoI7MQOmy5vavRn9IBZVEckmJQIRaNrU66Lqh+txjPkucWFdFea4zU+Px1H243IepUt4j+7l/UqiJqjYBFWjuTgaUkr6QdpcT5CeurwZUSltwTmyKCen3+4wL3v2/KwvUTnNRv+Q2/i1qS32jrcU/s3gh/pnNdfyTxmvW2fr473z+zRedp53OD84Y/fgW/YwWpOs6X+oX06/3+pUu/7HZLoenpyeLt+kWv+vXV4UiT5brvx6HPnaiyFM4isMrFTjBWHWePO189ub7P//+6+PHGk4S+BTHd/o/nsexCpKJG9d9jDL9Z0wW4t+2GOi/ESrpv5Do6PC74cn+weG7N/jaSZIYPxS9g+FPh8MheXc0UwdH7tll1+qjt3qjo7PHNloJeXjSMAXebf4YZfqfLhT035Ksg0TzVdv6+Me7xysOUMdkA8eo5P9Yev0FlzbkfxOU5X8psdijbG+P74H/ayG4sahfUsn/ZfHPdVHwf0YA/7fVrOp/U3mgkv/L9Z/aDPTfBJX0H/xf68Bp1DfsASv5v1z/mbDA/5kgv/6rHnA0cgM3GY1wdFPTMXR72JZV6v+ExakQWgsIlcKmkP9N8Ej+58ySnPYx1VePEbpHISu3jzz+m4j6JbfxX+L/VuJf2ISC/zMC+L+tpqj/TeSBMv1f+L9V/eeWAP03QSX9B//XOvL4b1L9y/V/4f9W9Z8LDvpvgnX/p5dH88T1ZrUdo6z/jwhref25leV/ySH/m6CQ/1m/kP+ZhakkgjMiISm3kFv/V3/ULynr/7vn/7L4FxaF8Z9mAP+31RT1v4k8UKb/jNlF/adCgv6boIr+g/1rH3n830V9I98Elun/Pf+X6z8TMP7TCA/4vwsVJKN4HqR5IH0u/M+dAmX9f2vjP5m+AcD/GWGz8R+UWMLag7TcPu78X+1Rv6Ss/299/KfUWgD+zwjg/7aaNf/XQB4o0/+18Z+MauEB/TdBJf0HA9g6Fv6vQfUv139pF8d/Ss4Z6L8Jer3e67nv36Bhegugk/wWQPoWQOdhjNKvhV3HQ6cqjh29wkcTFXnhja8L4273dOrOUOQ5YzUNPS0fSC/GKlsxQb/doP3D3f3XKHIj3bqBmiHnPFHLnY5j5SRuGOCurkW3ex6HProIwwudFpzJJc5uyhly/SiMk7x+eZkrFSfq2nHzEiMVXKQ7x4ny9ZET/U5vfbfZ5HIYRd1uVhQN8t0876aPOH44Ud6gd6F8XaEdhsXOuefMpr2X2aeBo7Ngb5K2Tf5wvFjvBrMkno/Teg96Z+EcObFurnuNkBXH6ETNojCYoA9uMv0WPcvaSv88UHbRqLrNrlxn2dYYHXtK35SLj1EyVbp1dcPlG6VlswbGz3TdXizO8TaK03PNzv15tnqQ/X6xlliL/T+rPQE4Vu/nbqzSi62b9zr5l/fYhv5/2f/DONFpAvTfAGXjf/L+X4tIi8D8zxZSjP/6on7Jhv5/Jf4p4QT03wjg/7eaR/S/tjywof9fiX8mJPz/HyNU0n/w/61jTf9rV/8Nxv/ahfGfjNgw/ssMud/eGXvhfLLjuKmBTq3nL5ld3FlY65faUP/6akAx5QQTCM4W8Zj/r2tWQCX/n47/ZxTm/xpis/k/Oiv3OYPAbx/r/r+5+f+bz/+VMP/XFOD/t5pP6399eaCS/8/1H+b/GqKS/oP/bx3F+G9y/v/m838lzP8FAABomH8ANhOLSgBqAAA="
                      }
                    ],
                    "python_spec": [
                      {
                        "entrypoint_module": "app.agent_runtime_app",
                        "entrypoint_object": "agent_runtime",
                        "requirements_file": "app/app_utils/.requirements.txt",
                        "version": "3.12"
                      }
                    ]
                  }
                ]
              }
            ],
            "timeouts": null,
            "update_time": "2026-05-26T21:24:40.002338Z"
          },
          "sensitive_attributes": [],
          "identity_schema_version": 0,
          "private": "eyJlMmJmYjczMC1lY2FhLTExZTYtOGY4OC0zNDM2M2JjN2M0YzAiOnsiY3JlYXRlIjoxMjAwMDAwMDAwMDAwLCJkZWxldGUiOjM2MDAwMDAwMDAwMDAsInVwZGF0ZSI6MTIwMDAwMDAwMDAwMH19",
          "dependencies": [
            "google_project_service.services",
            "google_service_account.app_sa",
            "google_storage_bucket.logs_data_bucket"
          ]
        }
      ]
    },
    {
      "mode": "managed",
      "type": "time_sleep",
      "name": "wait_for_bq_connection_sa",
      "provider": "provider[\"registry.terraform.io/hashicorp/time\"]",
      "instances": [
        {
          "schema_version": 0,
          "attributes": {
            "create_duration": "10s",
            "destroy_duration": null,
            "id": "2026-05-26T21:03:46Z",
            "triggers": null
          },
          "sensitive_attributes": [],
          "identity_schema_version": 0,
          "dependencies": [
            "google_bigquery_connection.genai_telemetry_connection",
            "google_project_service.services"
          ]
        }
      ]
    }
  ],
  "check_results": null
}
